
Microsoft Visual Studio Solution File, Format Version 12.00
# Visual Studio 15
VisualStudioVersion = 15.0.28010.2036
MinimumVisualStudioVersion = 10.0.40219.1
Project("{FAE04EC0-301F-11D3-BF4B-00C04F79EFBC}") = "GoogleBooksApi", "GoogleBooksApi\GoogleBooksApi.csproj", "{ED0B37C0-D8C5-42C5-8308-7C844BD665E8}"
EndProject
Project("{FAE04EC0-301F-11D3-BF4B-00C04F79EFBC}") = "GoogleBooksApi.Test", "GoogleBooksApi.Test\GoogleBooksApi.Test.csproj", "{40DD0AC6-D2D7-4E5F-ABBF-23BD86BA1682}"
EndProject
Global
	GlobalSection(SolutionConfigurationPlatforms) = preSolution
		Debug|Any CPU = Debug|Any CPU
		Release|Any CPU = Release|Any CPU
	EndGlobalSection
	GlobalSection(ProjectConfigurationPlatforms) = postSolution
		{ED0B37C0-D8C5-42C5-8308-7C844BD665E8}.Debug|Any CPU.ActiveCfg = Debug|Any CPU
		{ED0B37C0-D8C5-42C5-8308-7C844BD665E8}.Debug|Any CPU.Build.0 = Debug|Any CPU
		{ED0B37C0-D8C5-42C5-8308-7C844BD665E8}.Release|Any CPU.ActiveCfg = Release|Any CPU
		{ED0B37C0-D8C5-42C5-8308-7C844BD665E8}.Release|Any CPU.Build.0 = Release|Any CPU
		{40DD0AC6-D2D7-4E5F-ABBF-23BD86BA1682}.Debug|Any CPU.ActiveCfg = Debug|Any CPU
		{40DD0AC6-D2D7-4E5F-ABBF-23BD86BA1682}.Debug|Any CPU.Build.0 = Debug|Any CPU
		{40DD0AC6-D2D7-4E5F-ABBF-23BD86BA1682}.Release|Any CPU.ActiveCfg = Release|Any CPU
		{40DD0AC6-D2D7-4E5F-ABBF-23BD86BA1682}.Release|Any CPU.Build.0 = Release|Any CPU
	EndGlobalSection
	GlobalSection(SolutionProperties) = preSolution
		HideSolutionNode = FALSE
	EndGlobalSection
	GlobalSection(ExtensibilityGlobals) = postSolution
		SolutionGuid = {B5E8DA29-DCD7-45FA-9F17-02AAE989A6F0}
	EndGlobalSection
EndGlobal
